
Microsoft Visual Studio Solution File, Format Version 9.00
# Visual Studio 2005
Project("{8BC9CEB8-8B4A-11D0-8D11-00A0C91BC942}") = "cutl", "cutl-8.0.vcproj", "{162AFFCF-ABD2-46F3-97A8-642F1256D8B5}"
EndProject
Global
	GlobalSection(SolutionConfigurationPlatforms) = preSolution
		Debug|Win32 = Debug|Win32
		Release|Win32 = Release|Win32
	EndGlobalSection
	GlobalSection(ProjectConfigurationPlatforms) = postSolution
		{162AFFCF-ABD2-46F3-97A8-642F1256D8B5}.Debug|Win32.ActiveCfg = Debug|Win32
		{162AFFCF-ABD2-46F3-97A8-642F1256D8B5}.Debug|Win32.Build.0 = Debug|Win32
		{162AFFCF-ABD2-46F3-97A8-642F1256D8B5}.Release|Win32.ActiveCfg = Release|Win32
		{162AFFCF-ABD2-46F3-97A8-642F1256D8B5}.Release|Win32.Build.0 = Release|Win32
	EndGlobalSection
	GlobalSection(SolutionProperties) = preSolution
		HideSolutionNode = FALSE
	EndGlobalSection
EndGlobal
